<?xml version="1.0" encoding="utf-8"?>
<Project ToolsVersion="4.0" xmlns="http://schemas.microsoft.com/developer/msbuild/2003">
  <ItemGroup>
    <Filter Include="소스 파일">
      <UniqueIdentifier>{4FC737F1-C7A5-4376-A066-2A32D752A2FF}</UniqueIdentifier>
      <Extensions>cpp;c;cc;cxx;c++;cppm;ixx;def;odl;idl;hpj;bat;asm;asmx</Extensions>
    </Filter>
    <Filter Include="헤더 파일">
      <UniqueIdentifier>{93995380-89BD-4b04-88EB-625FBE52EBFB}</UniqueIdentifier>
      <Extensions>h;hh;hpp;hxx;h++;hm;inl;inc;ipp;xsd</Extensions>
    </Filter>
    <Filter Include="리소스 파일">
      <UniqueIdentifier>{67DA6AB6-F800-4c08-8B7A-83BB121AAD01}</UniqueIdentifier>
      <Extensions>rc;ico;cur;bmp;dlg;rc2;rct;bin;rgs;gif;jpg;jpeg;jpe;resx;tiff;tif;png;wav;mfcribbon-ms</Extensions>
    </Filter>
    <Filter Include="소스 파일\4주차">
      <UniqueIdentifier>{abf8bbab-781f-409a-a9b5-fca79d887178}</UniqueIdentifier>
    </Filter>
    <Filter Include="소스 파일\3주차">
      <UniqueIdentifier>{f5bff5d6-6522-4394-b4b7-9dc65bebb35e}</UniqueIdentifier>
    </Filter>
    <Filter Include="소스 파일\3주차\교재문제">
      <UniqueIdentifier>{88cd9ad3-e292-4eb3-b383-b728b58a24b4}</UniqueIdentifier>
    </Filter>
    <Filter Include="소스 파일\1주차">
      <UniqueIdentifier>{b6e551d2-5ac4-4fb9-b95c-a264c6c3e6e2}</UniqueIdentifier>
    </Filter>
    <Filter Include="소스 파일\2주차">
      <UniqueIdentifier>{fbd1ab0c-1b97-466c-a29d-650054ce4ba1}</UniqueIdentifier>
    </Filter>
    <Filter Include="소스 파일\4주차\교재문제">
      <UniqueIdentifier>{fb5ce8e1-0987-4119-bd7e-fbaa35334498}</UniqueIdentifier>
    </Filter>
    <Filter Include="소스 파일\Midterm">
      <UniqueIdentifier>{f31aa21d-a672-4064-b843-b174ec7dc7c4}</UniqueIdentifier>
    </Filter>
    <Filter Include="소스 파일\7주차">
      <UniqueIdentifier>{db59ff8c-88da-4a76-b31c-58372d0c7f5f}</UniqueIdentifier>
    </Filter>
  </ItemGroup>
  <ItemGroup>
    <ClCompile Include="3-2.cpp">
      <Filter>소스 파일\3주차</Filter>
    </ClCompile>
    <ClCompile Include="3.cpp">
      <Filter>소스 파일\3주차</Filter>
    </ClCompile>
    <ClCompile Include="3-3.cpp">
      <Filter>소스 파일\3주차</Filter>
    </ClCompile>
    <ClCompile Include="Circle2.cpp">
      <Filter>소스 파일\3주차</Filter>
    </ClCompile>
    <ClCompile Include="교재-1.cpp">
      <Filter>소스 파일\3주차\교재문제</Filter>
    </ClCompile>
    <ClCompile Include="교재-2.cpp">
      <Filter>소스 파일\3주차\교재문제</Filter>
    </ClCompile>
    <ClCompile Include="교재-3.cpp">
      <Filter>소스 파일\3주차\교재문제</Filter>
    </ClCompile>
    <ClCompile Include="교재-4.cpp">
      <Filter>소스 파일\3주차\교재문제</Filter>
    </ClCompile>
    <ClCompile Include="교재-5.cpp">
      <Filter>소스 파일\3주차\교재문제</Filter>
    </ClCompile>
    <ClCompile Include="교재-6.cpp">
      <Filter>소스 파일\3주차\교재문제</Filter>
    </ClCompile>
    <ClCompile Include="교재-8,.cpp">
      <Filter>소스 파일\3주차\교재문제</Filter>
    </ClCompile>
    <ClCompile Include="교재-9.cpp">
      <Filter>소스 파일\3주차\교재문제</Filter>
    </ClCompile>
    <ClCompile Include="교재-10.cpp">
      <Filter>소스 파일\3주차\교재문제</Filter>
    </ClCompile>
    <ClCompile Include="1주차.cpp">
      <Filter>소스 파일\1주차</Filter>
    </ClCompile>
    <ClCompile Include="2주차.cpp">
      <Filter>소스 파일\2주차</Filter>
    </ClCompile>
    <ClCompile Include="4-1.cpp">
      <Filter>소스 파일\4주차</Filter>
    </ClCompile>
    <ClCompile Include="4-2.cpp">
      <Filter>소스 파일\4주차</Filter>
    </ClCompile>
    <ClCompile Include="4-3.cpp">
      <Filter>소스 파일\4주차</Filter>
    </ClCompile>
    <ClCompile Include="4-4.cpp">
      <Filter>소스 파일\4주차</Filter>
    </ClCompile>
    <ClCompile Include="4-5.cpp">
      <Filter>소스 파일\4주차</Filter>
    </ClCompile>
    <ClCompile Include="4-6.cpp">
      <Filter>소스 파일\4주차</Filter>
    </ClCompile>
    <ClCompile Include="Q4-1.cpp">
      <Filter>소스 파일\4주차\교재문제</Filter>
    </ClCompile>
    <ClCompile Include="Q4-2.cpp">
      <Filter>소스 파일\4주차\교재문제</Filter>
    </ClCompile>
    <ClCompile Include="Q4-3.cpp">
      <Filter>소스 파일\4주차\교재문제</Filter>
    </ClCompile>
    <ClCompile Include="stringExample.cpp">
      <Filter>소스 파일\2주차</Filter>
    </ClCompile>
    <ClCompile Include="example.cpp">
      <Filter>소스 파일\3주차</Filter>
    </ClCompile>
    <ClCompile Include="vectorExample.cpp">
      <Filter>소스 파일\4주차</Filter>
    </ClCompile>
    <ClCompile Include="vectorEx.cpp">
      <Filter>헤더 파일</Filter>
    </ClCompile>
    <ClCompile Include="A.cpp">
      <Filter>소스 파일\Midterm</Filter>
    </ClCompile>
    <ClCompile Include="B.cpp">
      <Filter>소스 파일\Midterm</Filter>
    </ClCompile>
    <ClCompile Include="C.cpp">
      <Filter>소스 파일\Midterm</Filter>
    </ClCompile>
    <ClCompile Include="myVector.cpp">
      <Filter>소스 파일\4주차</Filter>
    </ClCompile>
    <ClCompile Include="are_you_hungry.cpp">
      <Filter>소스 파일\4주차</Filter>
    </ClCompile>
    <ClCompile Include="singletonPattern.cpp">
      <Filter>소스 파일\4주차</Filter>
    </ClCompile>
    <ClCompile Include="vector1.cpp">
      <Filter>소스 파일\4주차</Filter>
    </ClCompile>
    <ClCompile Include="stringEx.cpp">
      <Filter>소스 파일\4주차</Filter>
    </ClCompile>
    <ClCompile Include="7_1_pointer.cpp">
      <Filter>소스 파일\7주차</Filter>
    </ClCompile>
    <ClCompile Include="7_2_DMA.cpp">
      <Filter>소스 파일\7주차</Filter>
    </ClCompile>
    <ClCompile Include="7_2_2_DMA.cpp">
      <Filter>소스 파일\7주차</Filter>
    </ClCompile>
    <ClCompile Include="7_3_Smart_Pointer.cpp">
      <Filter>소스 파일\7주차</Filter>
    </ClCompile>
    <ClCompile Include="7_4_const.cpp">
      <Filter>소스 파일\7주차</Filter>
    </ClCompile>
    <ClCompile Include="1488.cpp">
      <Filter>소스 파일\Midterm</Filter>
    </ClCompile>
    <ClCompile Include="1489.cpp">
      <Filter>소스 파일\Midterm</Filter>
    </ClCompile>
    <ClCompile Include="1539.cpp">
      <Filter>소스 파일\Midterm</Filter>
    </ClCompile>
    <ClCompile Include="1540.cpp">
      <Filter>소스 파일\Midterm</Filter>
    </ClCompile>
    <ClCompile Include="1541.cpp">
      <Filter>소스 파일\Midterm</Filter>
    </ClCompile>
    <ClCompile Include="7_5.cpp">
      <Filter>소스 파일\7주차</Filter>
    </ClCompile>
    <ClCompile Include="7_6.cpp">
      <Filter>소스 파일\7주차</Filter>
    </ClCompile>
    <ClCompile Include="7_7.cpp">
      <Filter>소스 파일\7주차</Filter>
    </ClCompile>
    <ClCompile Include="7_8.cpp">
      <Filter>소스 파일\7주차</Filter>
    </ClCompile>
    <ClCompile Include="7_9.cpp">
      <Filter>소스 파일\7주차</Filter>
    </ClCompile>
  </ItemGroup>
  <ItemGroup>
    <ClInclude Include="Circle2.h">
      <Filter>헤더 파일</Filter>
    </ClInclude>
  </ItemGroup>
  <ItemGroup>
    <None Include="1490.cpp">
      <Filter>소스 파일\Midterm</Filter>
    </None>
  </ItemGroup>
</Project>