
Microsoft Visual Studio Solution File, Format Version 12.00
# Visual Studio Version 17
VisualStudioVersion = 17.1.32228.430
MinimumVisualStudioVersion = 10.0.40219.1
Project("{8BC9CEB8-8B4A-11D0-8D11-00A0C91BC942}") = "C++ Lecture", "C++ Lecture\C++ Lecture.vcxproj", "{58420C2F-C76C-4221-8EF2-2C5CA34BBAE3}"
EndProject
Global
	GlobalSection(SolutionConfigurationPlatforms) = preSolution
		Debug|x64 = Debug|x64
		Debug|x86 = Debug|x86
		Release|x64 = Release|x64
		Release|x86 = Release|x86
	EndGlobalSection
	GlobalSection(ProjectConfigurationPlatforms) = postSolution
		{58420C2F-C76C-4221-8EF2-2C5CA34BBAE3}.Debug|x64.ActiveCfg = Debug|x64
		{58420C2F-C76C-4221-8EF2-2C5CA34BBAE3}.Debug|x64.Build.0 = Debug|x64
		{58420C2F-C76C-4221-8EF2-2C5CA34BBAE3}.Debug|x86.ActiveCfg = Debug|Win32
		{58420C2F-C76C-4221-8EF2-2C5CA34BBAE3}.Debug|x86.Build.0 = Debug|Win32
		{58420C2F-C76C-4221-8EF2-2C5CA34BBAE3}.Release|x64.ActiveCfg = Release|x64
		{58420C2F-C76C-4221-8EF2-2C5CA34BBAE3}.Release|x64.Build.0 = Release|x64
		{58420C2F-C76C-4221-8EF2-2C5CA34BBAE3}.Release|x86.ActiveCfg = Release|Win32
		{58420C2F-C76C-4221-8EF2-2C5CA34BBAE3}.Release|x86.Build.0 = Release|Win32
	EndGlobalSection
	GlobalSection(SolutionProperties) = preSolution
		HideSolutionNode = FALSE
	EndGlobalSection
	GlobalSection(ExtensibilityGlobals) = postSolution
		SolutionGuid = {2CF1CFA8-383A-4069-B44A-81198B7B7860}
	EndGlobalSection
EndGlobal
