<?xml version="1.0" encoding="utf-8"?>
<Project ToolsVersion="4.0" xmlns="http://schemas.microsoft.com/developer/msbuild/2003">
  <ItemGroup>
    <Filter Include="Source Files">
      <UniqueIdentifier>{4FC737F1-C7A5-4376-A066-2A32D752A2FF}</UniqueIdentifier>
      <Extensions>cpp;c;cc;cxx;c++;cppm;ixx;def;odl;idl;hpj;bat;asm;asmx</Extensions>
    </Filter>
    <Filter Include="Header Files">
      <UniqueIdentifier>{93995380-89BD-4b04-88EB-625FBE52EBFB}</UniqueIdentifier>
      <Extensions>h;hh;hpp;hxx;h++;hm;inl;inc;ipp;xsd</Extensions>
    </Filter>
    <Filter Include="Resource Files">
      <UniqueIdentifier>{67DA6AB6-F800-4c08-8B7A-83BB121AAD01}</UniqueIdentifier>
      <Extensions>rc;ico;cur;bmp;dlg;rc2;rct;bin;rgs;gif;jpg;jpeg;jpe;resx;tiff;tif;png;wav;mfcribbon-ms</Extensions>
    </Filter>
    <Filter Include="Source Files\Class">
      <UniqueIdentifier>{1a72af9d-30da-4090-b266-7a3d2fb14a8a}</UniqueIdentifier>
    </Filter>
    <Filter Include="Source Files\Class\Constructor Example">
      <UniqueIdentifier>{7586b50c-765b-4012-8670-374adcf51756}</UniqueIdentifier>
    </Filter>
    <Filter Include="Source Files\Class\FruitSaleSim3">
      <UniqueIdentifier>{b816e489-648b-4754-8a60-dddf704411a9}</UniqueIdentifier>
    </Filter>
    <Filter Include="Source Files\Class\ReferenceMember">
      <UniqueIdentifier>{f42f2138-0f62-4e52-ba98-59846ff7a05a}</UniqueIdentifier>
    </Filter>
    <Filter Include="Source Files\Class\PrivateConstructor">
      <UniqueIdentifier>{6c769f30-11ab-421e-bffe-e720b1300094}</UniqueIdentifier>
    </Filter>
    <Filter Include="Source Files\Class\Destructor">
      <UniqueIdentifier>{93414da7-0970-4ad3-9eb6-1ec53d986867}</UniqueIdentifier>
    </Filter>
    <Filter Include="Source Files\Class\Objarr">
      <UniqueIdentifier>{68f8e71f-eecd-48c1-be44-203abc4f60b6}</UniqueIdentifier>
    </Filter>
    <Filter Include="Source Files\Class\PointerThis">
      <UniqueIdentifier>{8f9aa677-dbc5-40f4-8b2f-74913d1bb56b}</UniqueIdentifier>
    </Filter>
    <Filter Include="Source Files\Class\SelfRef">
      <UniqueIdentifier>{02864b1f-dec6-4e79-8079-7bc7d53ca7dd}</UniqueIdentifier>
    </Filter>
  </ItemGroup>
  <ItemGroup>
    <ClInclude Include="Point.h">
      <Filter>Header Files</Filter>
    </ClInclude>
    <ClInclude Include="Rectangle.h">
      <Filter>Header Files</Filter>
    </ClInclude>
  </ItemGroup>
  <ItemGroup>
    <ClCompile Include="Point.cpp">
      <Filter>Source Files\Class\Constructor Example</Filter>
    </ClCompile>
    <ClCompile Include="Rectangle.cpp">
      <Filter>Source Files\Class\Constructor Example</Filter>
    </ClCompile>
    <ClCompile Include="RectangleConstructor.cpp">
      <Filter>Source Files\Class\Constructor Example</Filter>
    </ClCompile>
    <ClCompile Include="FruitSaleSim3.cpp">
      <Filter>Source Files\Class\FruitSaleSim3</Filter>
    </ClCompile>
    <ClCompile Include="ReferenceMember.cpp">
      <Filter>Source Files\Class\ReferenceMember</Filter>
    </ClCompile>
    <ClCompile Include="PrivateConstructor.cpp">
      <Filter>Source Files\Class\PrivateConstructor</Filter>
    </ClCompile>
    <ClCompile Include="Destructor.cpp">
      <Filter>Source Files\Class\Destructor</Filter>
    </ClCompile>
    <ClCompile Include="Objarr.cpp">
      <Filter>Source Files\Class\Objarr</Filter>
    </ClCompile>
    <ClCompile Include="ObjPtrArr.cpp">
      <Filter>Source Files\Class\Objarr</Filter>
    </ClCompile>
    <ClCompile Include="PointerThis.cpp">
      <Filter>Source Files\Class\PointerThis</Filter>
    </ClCompile>
    <ClCompile Include="UsefulThisPtr.cpp">
      <Filter>Source Files\Class\PointerThis</Filter>
    </ClCompile>
    <ClCompile Include="SelfRef.cpp">
      <Filter>Source Files\Class\SelfRef</Filter>
    </ClCompile>
  </ItemGroup>
</Project>